
Microsoft Visual Studio Solution File, Format Version 12.00
# Visual Studio Version 17
VisualStudioVersion = 17.1.32210.238
MinimumVisualStudioVersion = 10.0.40219.1
Project("{FAE04EC0-301F-11D3-BF4B-00C04F79EFBC}") = "Check", "Check\Check.csproj", "{25CC4FFD-0BCD-45E3-8CCF-90946294F088}"
EndProject
Project("{FAE04EC0-301F-11D3-BF4B-00C04F79EFBC}") = "Lists", "Lists\Lists.csproj", "{286C9FCB-2234-47AF-A13D-A345016A18BA}"
EndProject
Global
	GlobalSection(SolutionConfigurationPlatforms) = preSolution
		Debug|Any CPU = Debug|Any CPU
		Release|Any CPU = Release|Any CPU
	EndGlobalSection
	GlobalSection(ProjectConfigurationPlatforms) = postSolution
		{25CC4FFD-0BCD-45E3-8CCF-90946294F088}.Debug|Any CPU.ActiveCfg = Debug|Any CPU
		{25CC4FFD-0BCD-45E3-8CCF-90946294F088}.Debug|Any CPU.Build.0 = Debug|Any CPU
		{25CC4FFD-0BCD-45E3-8CCF-90946294F088}.Release|Any CPU.ActiveCfg = Release|Any CPU
		{25CC4FFD-0BCD-45E3-8CCF-90946294F088}.Release|Any CPU.Build.0 = Release|Any CPU
		{286C9FCB-2234-47AF-A13D-A345016A18BA}.Debug|Any CPU.ActiveCfg = Debug|Any CPU
		{286C9FCB-2234-47AF-A13D-A345016A18BA}.Debug|Any CPU.Build.0 = Debug|Any CPU
		{286C9FCB-2234-47AF-A13D-A345016A18BA}.Release|Any CPU.ActiveCfg = Release|Any CPU
		{286C9FCB-2234-47AF-A13D-A345016A18BA}.Release|Any CPU.Build.0 = Release|Any CPU
	EndGlobalSection
	GlobalSection(SolutionProperties) = preSolution
		HideSolutionNode = FALSE
	EndGlobalSection
	GlobalSection(ExtensibilityGlobals) = postSolution
		SolutionGuid = {0898C80B-A073-405A-A7D5-FB821D6BFF18}
	EndGlobalSection
EndGlobal
